
Microsoft Visual Studio Solution File, Format Version 12.00
# Visual Studio Version 17
VisualStudioVersion = 17.2.32630.192
MinimumVisualStudioVersion = 10.0.40219.1
Project("{FAE04EC0-301F-11D3-BF4B-00C04F79EFBC}") = "sayi_üretme", "sayi_üretme\sayi_üretme.csproj", "{903D6797-55C0-431B-9BEA-3E2EB0E15623}"
EndProject
Global
	GlobalSection(SolutionConfigurationPlatforms) = preSolution
		Debug|Any CPU = Debug|Any CPU
		Release|Any CPU = Release|Any CPU
	EndGlobalSection
	GlobalSection(ProjectConfigurationPlatforms) = postSolution
		{903D6797-55C0-431B-9BEA-3E2EB0E15623}.Debug|Any CPU.ActiveCfg = Debug|Any CPU
		{903D6797-55C0-431B-9BEA-3E2EB0E15623}.Debug|Any CPU.Build.0 = Debug|Any CPU
		{903D6797-55C0-431B-9BEA-3E2EB0E15623}.Release|Any CPU.ActiveCfg = Release|Any CPU
		{903D6797-55C0-431B-9BEA-3E2EB0E15623}.Release|Any CPU.Build.0 = Release|Any CPU
	EndGlobalSection
	GlobalSection(SolutionProperties) = preSolution
		HideSolutionNode = FALSE
	EndGlobalSection
	GlobalSection(ExtensibilityGlobals) = postSolution
		SolutionGuid = {2B1ECA34-ABC5-4E11-8ED7-F3C07344EC43}
	EndGlobalSection
EndGlobal
